// !$*UTF8*$!
{
	archiveVersion = 1;
	classes = {
	};
	objectVersion = 46;
	objects = {

/* Begin PBXBuildFile section */
		4A1937711EE56760000C00FB /* main.m in Sources */ = {isa = PBXBuildFile; fileRef = 4A1937701EE56760000C00FB /* main.m */; };
		4A1937741EE56760000C00FB /* AppDelegate.m in Sources */ = {isa = PBXBuildFile; fileRef = 4A1937731EE56760000C00FB /* AppDelegate.m */; };
		4A1937771EE56760000C00FB /* ViewController.m in Sources */ = {isa = PBXBuildFile; fileRef = 4A1937761EE56760000C00FB /* ViewController.m */; };
		4A19377A1EE56760000C00FB /* Main.storyboard in Resources */ = {isa = PBXBuildFile; fileRef = 4A1937781EE56760000C00FB /* Main.storyboard */; };
		4A19377C1EE56760000C00FB /* Assets.xcassets in Resources */ = {isa = PBXBuildFile; fileRef = 4A19377B1EE56760000C00FB /* Assets.xcassets */; };
		4A19377F1EE56760000C00FB /* LaunchScreen.storyboard in Resources */ = {isa = PBXBuildFile; fileRef = 4A19377D1EE56760000C00FB /* LaunchScreen.storyboard */; };
		4A19378A1EE56760000C00FB /* TestDemoTests.m in Sources */ = {isa = PBXBuildFile; fileRef = 4A1937891EE56760000C00FB /* TestDemoTests.m */; };
		4A1937951EE56760000C00FB /* TestDemoUITests.m in Sources */ = {isa = PBXBuildFile; fileRef = 4A1937941EE56760000C00FB /* TestDemoUITests.m */; };
/* End PBXBuildFile section */

/* Begin PBXContainerItemProxy section */
		4A1937861EE56760000C00FB /* PBXContainerItemProxy */ = {
			isa = PBXContainerItemProxy;
			containerPortal = 4A1937641EE56760000C00FB /* Project object */;
			proxyType = 1;
			remoteGlobalIDString = 4A19376B1EE56760000C00FB;
			remoteInfo = TestDemo;
		};
		4A1937911EE56760000C00FB /* PBXContainerItemProxy */ = {
			isa = PBXContainerItemProxy;
			containerPortal = 4A1937641EE56760000C00FB /* Project object */;
			proxyType = 1;
			remoteGlobalIDString = 4A19376B1EE56760000C00FB;
			remoteInfo = TestDemo;
		};
/* End PBXContainerItemProxy section */

/* Begin PBXFileReference section */
		4A19376C1EE56760000C00FB /* TestDemo.app */ = {isa = PBXFileReference; explicitFileType = wrapper.application; includeInIndex = 0; path = TestDemo.app; sourceTree = BUILT_PRODUCTS_DIR; };
		4A1937701EE56760000C00FB /* main.m */ = {isa = PBXFileReference; lastKnownFileType = sourcecode.c.objc; path = main.m; sourceTree = "<group>"; };
		4A1937721EE56760000C00FB /* AppDelegate.h */ = {isa = PBXFileReference; lastKnownFileType = sourcecode.c.h; path = AppDelegate.h; sourceTree = "<group>"; };
		4A1937731EE56760000C00FB /* AppDelegate.m */ = {isa = PBXFileReference; lastKnownFileType = sourcecode.c.objc; path = AppDelegate.m; sourceTree = "<group>"; };
		4A1937751EE56760000C00FB /* ViewController.h */ = {isa = PBXFileReference; lastKnownFileType = sourcecode.c.h; path = ViewController.h; sourceTree = "<group>"; };
		4A1937761EE56760000C00FB /* ViewController.m */ = {isa = PBXFileReference; lastKnownFileType = sourcecode.c.objc; path = ViewController.m; sourceTree = "<group>"; };
		4A1937791EE56760000C00FB /* Base */ = {isa = PBXFileReference; lastKnownFileType = file.storyboard; name = Base; path = Base.lproj/Main.storyboard; sourceTree = "<group>"; };
		4A19377B1EE56760000C00FB /* Assets.xcassets */ = {isa = PBXFileReference; lastKnownFileType = folder.assetcatalog; path = Assets.xcassets; sourceTree = "<group>"; };
		4A19377E1EE56760000C00FB /* Base */ = {isa = PBXFileReference; lastKnownFileType = file.storyboard; name = Base; path = Base.lproj/LaunchScreen.storyboard; sourceTree = "<group>"; };
		4A1937801EE56760000C00FB /* Info.plist */ = {isa = PBXFileReference; lastKnownFileType = text.plist.xml; path = Info.plist; sourceTree = "<group>"; };
		4A1937851EE56760000C00FB /* TestDemoTests.xctest */ = {isa = PBXFileReference; explicitFileType = wrapper.cfbundle; includeInIndex = 0; path = TestDemoTests.xctest; sourceTree = BUILT_PRODUCTS_DIR; };
		4A1937891EE56760000C00FB /* TestDemoTests.m */ = {isa = PBXFileReference; lastKnownFileType = sourcecode.c.objc; path = TestDemoTests.m; sourceTree = "<group>"; };
		4A19378B1EE56760000C00FB /* Info.plist */ = {isa = PBXFileReference; lastKnownFileType = text.plist.xml; path = Info.plist; sourceTree = "<group>"; };
		4A1937901EE56760000C00FB /* TestDemoUITests.xctest */ = {isa = PBXFileReference; explicitFileType = wrapper.cfbundle; includeInIndex = 0; path = TestDemoUITests.xctest; sourceTree = BUILT_PRODUCTS_DIR; };
		4A1937941EE56760000C00FB /* TestDemoUITests.m */ = {isa = PBXFileReference; lastKnownFileType = sourcecode.c.objc; path = TestDemoUITests.m; sourceTree = "<group>"; };
		4A1937961EE56760000C00FB /* Info.plist */ = {isa = PBXFileReference; lastKnownFileType = text.plist.xml; path = Info.plist; sourceTree = "<group>"; };
/* End PBXFileReference section */

/* Begin PBXFrameworksBuildPhase section */
		4A1937691EE56760000C00FB /* Frameworks */ = {
			isa = PBXFrameworksBuildPhase;
			buildActionMask = 2147483647;
			files = (
			);
			runOnlyForDeploymentPostprocessing = 0;
		};
		4A1937821EE56760000C00FB /* Frameworks */ = {
			isa = PBXFrameworksBuildPhase;
			buildActionMask = 2147483647;
			files = (
			);
			runOnlyForDeploymentPostprocessing = 0;
		};
		4A19378D1EE56760000C00FB /* Frameworks */ = {
			isa = PBXFrameworksBuildPhase;
			buildActionMask = 2147483647;
			files = (
			);
			runOnlyForDeploymentPostprocessing = 0;
		};
/* End PBXFrameworksBuildPhase section */

/* Begin PBXGroup section */
		4A1937631EE56760000C00FB = {
			isa = PBXGroup;
			children = (
				4A19376E1EE56760000C00FB /* TestDemo */,
				4A1937881EE56760000C00FB /* TestDemoTests */,
				4A1937931EE56760000C00FB /* TestDemoUITests */,
				4A19376D1EE56760000C00FB /* Products */,
			);
			sourceTree = "<group>";
		};
		4A19376D1EE56760000C00FB /* Products */ = {
			isa = PBXGroup;
			children = (
				4A19376C1EE56760000C00FB /* TestDemo.app */,
				4A1937851EE56760000C00FB /* TestDemoTests.xctest */,
				4A1937901EE56760000C00FB /* TestDemoUITests.xctest */,
			);
			name = Products;
			sourceTree = "<group>";
		};
		4A19376E1EE56760000C00FB /* TestDemo */ = {
			isa = PBXGroup;
			children = (
				4A1937721EE56760000C00FB /* AppDelegate.h */,
				4A1937731EE56760000C00FB /* AppDelegate.m */,
				4A1937751EE56760000C00FB /* ViewController.h */,
				4A1937761EE56760000C00FB /* ViewController.m */,
				4A1937781EE56760000C00FB /* Main.storyboard */,
				4A19377B1EE56760000C00FB /* Assets.xcassets */,
				4A19377D1EE56760000C00FB /* LaunchScreen.storyboard */,
				4A1937801EE56760000C00FB /* Info.plist */,
				4A19376F1EE56760000C00FB /* Supporting Files */,
			);
			path = TestDemo;
			sourceTree = "<group>";
		};
		4A19376F1EE56760000C00FB /* Supporting Files */ = {
			isa = PBXGroup;
			children = (
				4A1937701EE56760000C00FB /* main.m */,
			);
			name = "Supporting Files";
			sourceTree = "<group>";
		};
		4A1937881EE56760000C00FB /* TestDemoTests */ = {
			isa = PBXGroup;
			children = (
				4A1937891EE56760000C00FB /* TestDemoTests.m */,
				4A19378B1EE56760000C00FB /* Info.plist */,
			);
			path = TestDemoTests;
			sourceTree = "<group>";
		};
		4A1937931EE56760000C00FB /* TestDemoUITests */ = {
			isa = PBXGroup;
			children = (
				4A1937941EE56760000C00FB /* TestDemoUITests.m */,
				4A1937961EE56760000C00FB /* Info.plist */,
			);
			path = TestDemoUITests;
			sourceTree = "<group>";
		};
/* End PBXGroup section */

/* Begin PBXNativeTarget section */
		4A19376B1EE56760000C00FB /* TestDemo */ = {
			isa = PBXNativeTarget;
			buildConfigurationList = 4A1937991EE56760000C00FB /* Build configuration list for PBXNativeTarget "TestDemo" */;
			buildPhases = (
				4A1937681EE56760000C00FB /* Sources */,
				4A1937691EE56760000C00FB /* Frameworks */,
				4A19376A1EE56760000C00FB /* Resources */,
			);
			buildRules = (
			);
			dependencies = (
			);
			name = TestDemo;
			productName = TestDemo;
			productReference = 4A19376C1EE56760000C00FB /* TestDemo.app */;
			productType = "com.apple.product-type.application";
		};
		4A1937841EE56760000C00FB /* TestDemoTests */ = {
			isa = PBXNativeTarget;
			buildConfigurationList = 4A19379C1EE56760000C00FB /* Build configuration list for PBXNativeTarget "TestDemoTests" */;
			buildPhases = (
				4A1937811EE56760000C00FB /* Sources */,
				4A1937821EE56760000C00FB /* Frameworks */,
				4A1937831EE56760000C00FB /* Resources */,
			);
			buildRules = (
			);
			dependencies = (
				4A1937871EE56760000C00FB /* PBXTargetDependency */,
			);
			name = TestDemoTests;
			productName = TestDemoTests;
			productReference = 4A1937851EE56760000C00FB /* TestDemoTests.xctest */;
			productType = "com.apple.product-type.bundle.unit-test";
		};
		4A19378F1EE56760000C00FB /* TestDemoUITests */ = {
			isa = PBXNativeTarget;
			buildConfigurationList = 4A19379F1EE56760000C00FB /* Build configuration list for PBXNativeTarget "TestDemoUITests" */;
			buildPhases = (
				4A19378C1EE56760000C00FB /* Sources */,
				4A19378D1EE56760000C00FB /* Frameworks */,
				4A19378E1EE56760000C00FB /* Resources */,
			);
			buildRules = (
			);
			dependencies = (
				4A1937921EE56760000C00FB /* PBXTargetDependency */,
			);
			name = TestDemoUITests;
			productName = TestDemoUITests;
			productReference = 4A1937901EE56760000C00FB /* TestDemoUITests.xctest */;
			productType = "com.apple.product-type.bundle.ui-testing";
		};
/* End PBXNativeTarget section */

/* Begin PBXProject section */
		4A1937641EE56760000C00FB /* Project object */ = {
			isa = PBXProject;
			attributes = {
				LastUpgradeCheck = 0830;
				ORGANIZATIONNAME = bys;
				TargetAttributes = {
					4A19376B1EE56760000C00FB = {
						CreatedOnToolsVersion = 8.3.2;
						ProvisioningStyle = Automatic;
					};
					4A1937841EE56760000C00FB = {
						CreatedOnToolsVersion = 8.3.2;
						ProvisioningStyle = Automatic;
						TestTargetID = 4A19376B1EE56760000C00FB;
					};
					4A19378F1EE56760000C00FB = {
						CreatedOnToolsVersion = 8.3.2;
						ProvisioningStyle = Automatic;
						TestTargetID = 4A19376B1EE56760000C00FB;
					};
				};
			};
			buildConfigurationList = 4A1937671EE56760000C00FB /* Build configuration list for PBXProject "TestDemo" */;
			compatibilityVersion = "Xcode 3.2";
			developmentRegion = English;
			hasScannedForEncodings = 0;
			knownRegions = (
				en,
				Base,
			);
			mainGroup = 4A1937631EE56760000C00FB;
			productRefGroup = 4A19376D1EE56760000C00FB /* Products */;
			projectDirPath = "";
			projectRoot = "";
			targets = (
				4A19376B1EE56760000C00FB /* TestDemo */,
				4A1937841EE56760000C00FB /* TestDemoTests */,
				4A19378F1EE56760000C00FB /* TestDemoUITests */,
			);
		};
/* End PBXProject section */

/* Begin PBXResourcesBuildPhase section */
		4A19376A1EE56760000C00FB /* Resources */ = {
			isa = PBXResourcesBuildPhase;
			buildActionMask = 2147483647;
			files = (
				4A19377F1EE56760000C00FB /* LaunchScreen.storyboard in Resources */,
				4A19377C1EE56760000C00FB /* Assets.xcassets in Resources */,
				4A19377A1EE56760000C00FB /* Main.storyboard in Resources */,
			);
			runOnlyForDeploymentPostprocessing = 0;
		};
		4A1937831EE56760000C00FB /* Resources */ = {
			isa = PBXResourcesBuildPhase;
			buildActionMask = 2147483647;
			files = (
			);
			runOnlyForDeploymentPostprocessing = 0;
		};
		4A19378E1EE56760000C00FB /* Resources */ = {
			isa = PBXResourcesBuildPhase;
			buildActionMask = 2147483647;
			files = (
			);
			runOnlyForDeploymentPostprocessing = 0;
		};
/* End PBXResourcesBuildPhase section */

/* Begin PBXSourcesBuildPhase section */
		4A1937681EE56760000C00FB /* Sources */ = {
			isa = PBXSourcesBuildPhase;
			buildActionMask = 2147483647;
			files = (
				4A1937771EE56760000C00FB /* ViewController.m in Sources */,
				4A1937741EE56760000C00FB /* AppDelegate.m in Sources */,
				4A1937711EE56760000C00FB /* main.m in Sources */,
			);
			runOnlyForDeploymentPostprocessing = 0;
		};
		4A1937811EE56760000C00FB /* Sources */ = {
			isa = PBXSourcesBuildPhase;
			buildActionMask = 2147483647;
			files = (
				4A19378A1EE56760000C00FB /* TestDemoTests.m in Sources */,
			);
			runOnlyForDeploymentPostprocessing = 0;
		};
		4A19378C1EE56760000C00FB /* Sources */ = {
			isa = PBXSourcesBuildPhase;
			buildActionMask = 2147483647;
			files = (
				4A1937951EE56760000C00FB /* TestDemoUITests.m in Sources */,
			);
			runOnlyForDeploymentPostprocessing = 0;
		};
/* End PBXSourcesBuildPhase section */

/* Begin PBXTargetDependency section */
		4A1937871EE56760000C00FB /* PBXTargetDependency */ = {
			isa = PBXTargetDependency;
			target = 4A19376B1EE56760000C00FB /* TestDemo */;
			targetProxy = 4A1937861EE56760000C00FB /* PBXContainerItemProxy */;
		};
		4A1937921EE56760000C00FB /* PBXTargetDependency */ = {
			isa = PBXTargetDependency;
			target = 4A19376B1EE56760000C00FB /* TestDemo */;
			targetProxy = 4A1937911EE56760000C00FB /* PBXContainerItemProxy */;
		};
/* End PBXTargetDependency section */

/* Begin PBXVariantGroup section */
		4A1937781EE56760000C00FB /* Main.storyboard */ = {
			isa = PBXVariantGroup;
			children = (
				4A1937791EE56760000C00FB /* Base */,
			);
			name = Main.storyboard;
			sourceTree = "<group>";
		};
		4A19377D1EE56760000C00FB /* LaunchScreen.storyboard */ = {
			isa = PBXVariantGroup;
			children = (
				4A19377E1EE56760000C00FB /* Base */,
			);
			name = LaunchScreen.storyboard;
			sourceTree = "<group>";
		};
/* End PBXVariantGroup section */

/* Begin XCBuildConfiguration section */
		4A1937971EE56760000C00FB /* Debug */ = {
			isa = XCBuildConfiguration;
			buildSettings = {
				ALWAYS_SEARCH_USER_PATHS = NO;
				CLANG_ANALYZER_NONNULL = YES;
				CLANG_ANALYZER_NUMBER_OBJECT_CONVERSION = YES_AGGRESSIVE;
				CLANG_CXX_LANGUAGE_STANDARD = "gnu++0x";
				CLANG_CXX_LIBRARY = "libc++";
				CLANG_ENABLE_MODULES = YES;
				CLANG_ENABLE_OBJC_ARC = YES;
				CLANG_WARN_BOOL_CONVERSION = YES;
				CLANG_WARN_CONSTANT_CONVERSION = YES;
				CLANG_WARN_DIRECT_OBJC_ISA_USAGE = YES_ERROR;
				CLANG_WARN_DOCUMENTATION_COMMENTS = YES;
				CLANG_WARN_EMPTY_BODY = YES;
				CLANG_WARN_ENUM_CONVERSION = YES;
				CLANG_WARN_INFINITE_RECURSION = YES;
				CLANG_WARN_INT_CONVERSION = YES;
				CLANG_WARN_OBJC_ROOT_CLASS = YES_ERROR;
				CLANG_WARN_SUSPICIOUS_MOVE = YES;
				CLANG_WARN_UNREACHABLE_CODE = YES;
				CLANG_WARN__DUPLICATE_METHOD_MATCH = YES;
				"CODE_SIGN_IDENTITY[sdk=iphoneos*]" = "iPhone Developer";
				COPY_PHASE_STRIP = NO;
				DEBUG_INFORMATION_FORMAT = dwarf;
				ENABLE_STRICT_OBJC_MSGSEND = YES;
				ENABLE_TESTABILITY = YES;
				GCC_C_LANGUAGE_STANDARD = gnu99;
				GCC_DYNAMIC_NO_PIC = NO;
				GCC_NO_COMMON_BLOCKS = YES;
				GCC_OPTIMIZATION_LEVEL = 0;
				GCC_PREPROCESSOR_DEFINITIONS = (
					"DEBUG=1",
					"$(inherited)",
				);
				GCC_WARN_64_TO_32_BIT_CONVERSION = YES;
				GCC_WARN_ABOUT_RETURN_TYPE = YES_ERROR;
				GCC_WARN_UNDECLARED_SELECTOR = YES;
				GCC_WARN_UNINITIALIZED_AUTOS = YES_AGGRESSIVE;
				GCC_WARN_UNUSED_FUNCTION = YES;
				GCC_WARN_UNUSED_VARIABLE = YES;
				IPHONEOS_DEPLOYMENT_TARGET = 10.3;
				MTL_ENABLE_DEBUG_INFO = YES;
				ONLY_ACTIVE_ARCH = YES;
				SDKROOT = iphoneos;
				TARGETED_DEVICE_FAMILY = "1,2";
			};
			name = Debug;
		};
		4A1937981EE56760000C00FB /* Release */ = {
			isa = XCBuildConfiguration;
			buildSettings = {
				ALWAYS_SEARCH_USER_PATHS = NO;
				CLANG_ANALYZER_NONNULL = YES;
				CLANG_ANALYZER_NUMBER_OBJECT_CONVERSION = YES_AGGRESSIVE;
				CLANG_CXX_LANGUAGE_STANDARD = "gnu++0x";
				CLANG_CXX_LIBRARY = "libc++";
				CLANG_ENABLE_MODULES = YES;
				CLANG_ENABLE_OBJC_ARC = YES;
				CLANG_WARN_BOOL_CONVERSION = YES;
				CLANG_WARN_CONSTANT_CONVERSION = YES;
				CLANG_WARN_DIRECT_OBJC_ISA_USAGE = YES_ERROR;
				CLANG_WARN_DOCUMENTATION_COMMENTS = YES;
				CLANG_WARN_EMPTY_BODY = YES;
				CLANG_WARN_ENUM_CONVERSION = YES;
				CLANG_WARN_INFINITE_RECURSION = YES;
				CLANG_WARN_INT_CONVERSION = YES;
				CLANG_WARN_OBJC_ROOT_CLASS = YES_ERROR;
				CLANG_WARN_SUSPICIOUS_MOVE = YES;
				CLANG_WARN_UNREACHABLE_CODE = YES;
				CLANG_WARN__DUPLICATE_METHOD_MATCH = YES;
				"CODE_SIGN_IDENTITY[sdk=iphoneos*]" = "iPhone Developer";
				COPY_PHASE_STRIP = NO;
				DEBUG_INFORMATION_FORMAT = "dwarf-with-dsym";
				ENABLE_NS_ASSERTIONS = NO;
				ENABLE_STRICT_OBJC_MSGSEND = YES;
				GCC_C_LANGUAGE_STANDARD = gnu99;
				GCC_NO_COMMON_BLOCKS = YES;
				GCC_WARN_64_TO_32_BIT_CONVERSION = YES;
				GCC_WARN_ABOUT_RETURN_TYPE = YES_ERROR;
				GCC_WARN_UNDECLARED_SELECTOR = YES;
				GCC_WARN_UNINITIALIZED_AUTOS = YES_AGGRESSIVE;
				GCC_WARN_UNUSED_FUNCTION = YES;
				GCC_WARN_UNUSED_VARIABLE = YES;
				IPHONEOS_DEPLOYMENT_TARGET = 10.3;
				MTL_ENABLE_DEBUG_INFO = NO;
				SDKROOT = iphoneos;
				TARGETED_DEVICE_FAMILY = "1,2";
				VALIDATE_PRODUCT = YES;
			};
			name = Release;
		};
		4A19379A1EE56760000C00FB /* Debug */ = {
			isa = XCBuildConfiguration;
			buildSettings = {
				ASSETCATALOG_COMPILER_APPICON_NAME = AppIcon;
				INFOPLIST_FILE = TestDemo/Info.plist;
				LD_RUNPATH_SEARCH_PATHS = "$(inherited) @executable_path/Frameworks";
				PRODUCT_BUNDLE_IDENTIFIER = qw.TestDemo;
				PRODUCT_NAME = "$(TARGET_NAME)";
			};
			name = Debug;
		};
		4A19379B1EE56760000C00FB /* Release */ = {
			isa = XCBuildConfiguration;
			buildSettings = {
				ASSETCATALOG_COMPILER_APPICON_NAME = AppIcon;
				INFOPLIST_FILE = TestDemo/Info.plist;
				LD_RUNPATH_SEARCH_PATHS = "$(inherited) @executable_path/Frameworks";
				PRODUCT_BUNDLE_IDENTIFIER = qw.TestDemo;
				PRODUCT_NAME = "$(TARGET_NAME)";
			};
			name = Release;
		};
		4A19379D1EE56760000C00FB /* Debug */ = {
			isa = XCBuildConfiguration;
			buildSettings = {
				BUNDLE_LOADER = "$(TEST_HOST)";
				INFOPLIST_FILE = TestDemoTests/Info.plist;
				LD_RUNPATH_SEARCH_PATHS = "$(inherited) @executable_path/Frameworks @loader_path/Frameworks";
				PRODUCT_BUNDLE_IDENTIFIER = qw.TestDemoTests;
				PRODUCT_NAME = "$(TARGET_NAME)";
				TEST_HOST = "$(BUILT_PRODUCTS_DIR)/TestDemo.app/TestDemo";
			};
			name = Debug;
		};
		4A19379E1EE56760000C00FB /* Release */ = {
			isa = XCBuildConfiguration;
			buildSettings = {
				BUNDLE_LOADER = "$(TEST_HOST)";
				INFOPLIST_FILE = TestDemoTests/Info.plist;
				LD_RUNPATH_SEARCH_PATHS = "$(inherited) @executable_path/Frameworks @loader_path/Frameworks";
				PRODUCT_BUNDLE_IDENTIFIER = qw.TestDemoTests;
				PRODUCT_NAME = "$(TARGET_NAME)";
				TEST_HOST = "$(BUILT_PRODUCTS_DIR)/TestDemo.app/TestDemo";
			};
			name = Release;
		};
		4A1937A01EE56760000C00FB /* Debug */ = {
			isa = XCBuildConfiguration;
			buildSettings = {
				INFOPLIST_FILE = TestDemoUITests/Info.plist;
				LD_RUNPATH_SEARCH_PATHS = "$(inherited) @executable_path/Frameworks @loader_path/Frameworks";
				PRODUCT_BUNDLE_IDENTIFIER = qw.TestDemoUITests;
				PRODUCT_NAME = "$(TARGET_NAME)";
				TEST_TARGET_NAME = TestDemo;
			};
			name = Debug;
		};
		4A1937A11EE56760000C00FB /* Release */ = {
			isa = XCBuildConfiguration;
			buildSettings = {
				INFOPLIST_FILE = TestDemoUITests/Info.plist;
				LD_RUNPATH_SEARCH_PATHS = "$(inherited) @executable_path/Frameworks @loader_path/Frameworks";
				PRODUCT_BUNDLE_IDENTIFIER = qw.TestDemoUITests;
				PRODUCT_NAME = "$(TARGET_NAME)";
				TEST_TARGET_NAME = TestDemo;
			};
			name = Release;
		};
/* End XCBuildConfiguration section */

/* Begin XCConfigurationList section */
		4A1937671EE56760000C00FB /* Build configuration list for PBXProject "TestDemo" */ = {
			isa = XCConfigurationList;
			buildConfigurations = (
				4A1937971EE56760000C00FB /* Debug */,
				4A1937981EE56760000C00FB /* Release */,
			);
			defaultConfigurationIsVisible = 0;
			defaultConfigurationName = Release;
		};
		4A1937991EE56760000C00FB /* Build configuration list for PBXNativeTarget "TestDemo" */ = {
			isa = XCConfigurationList;
			buildConfigurations = (
				4A19379A1EE56760000C00FB /* Debug */,
				4A19379B1EE56760000C00FB /* Release */,
			);
			defaultConfigurationIsVisible = 0;
		};
		4A19379C1EE56760000C00FB /* Build configuration list for PBXNativeTarget "TestDemoTests" */ = {
			isa = XCConfigurationList;
			buildConfigurations = (
				4A19379D1EE56760000C00FB /* Debug */,
				4A19379E1EE56760000C00FB /* Release */,
			);
			defaultConfigurationIsVisible = 0;
		};
		4A19379F1EE56760000C00FB /* Build configuration list for PBXNativeTarget "TestDemoUITests" */ = {
			isa = XCConfigurationList;
			buildConfigurations = (
				4A1937A01EE56760000C00FB /* Debug */,
				4A1937A11EE56760000C00FB /* Release */,
			);
			defaultConfigurationIsVisible = 0;
		};
/* End XCConfigurationList section */
	};
	rootObject = 4A1937641EE56760000C00FB /* Project object */;
}
